{
  "originHash" : "16ceecb573871f3e58894ada77c9a2c2a833a4c49942e2e4fd8af9672bb9323e",
  "pins" : [
    {
      "identity" : "grdb.swift",
      "kind" : "remoteSourceControl",
      "location" : "https://github.com/groue/GRDB.swift.git",
      "state" : {
        "revision" : "aa0079aeb82a4bf00324561a40bffe68c6fe1c26",
        "version" : "7.9.0"
      }
    }
  ],
  "version" : 3
}
