// !$*UTF8*$!
{
	archiveVersion = 1;
	classes = {
	};
	objectVersion = 90;
	objects = {

/* Begin PBXBuildFile section */
		BB007F5D2F057A2000926C8E /* GRDB in Frameworks */ = {isa = PBXBuildFile; productRef = BB007F5C2F057A2000926C8E /* GRDB */; };
		BB06EE412F0EF7C400E925E2 /* AIProcessingToggle.swift in Sources */ = {isa = PBXBuildFile; fileRef = BB06EE402F0EF7C400E925E2 /* AIProcessingToggle.swift */; };
		BB1CB9B02F0CBD350032144E /* ExpandedProcessingCard.swift in Sources */ = {isa = PBXBuildFile; fileRef = BB1CB9AF2F0CBD350032144E /* ExpandedProcessingCard.swift */; };
		BB1FD8AD2F0EC96100AECB66 /* Assets.xcassets in Resources */ = {isa = PBXBuildFile; fileRef = BB1FD8AC2F0EC96100AECB66 /* Assets.xcassets */; };
		BB2270132F7410B800C0A295 /* BookContentPipeline.swift in Sources */ = {isa = PBXBuildFile; fileRef = BB2270122F7410B800C0A295 /* BookContentPipeline.swift */; };
		BB2270152F7410B800C0A295 /* AIPanelListOrder.swift in Sources */ = {isa = PBXBuildFile; fileRef = BB2270142F7410B800C0A295 /* AIPanelListOrder.swift */; };
		BB2270312F7410B800C0A295 /* AIPanelListOrderTests.swift in Sources */ = {isa = PBXBuildFile; fileRef = BB2270162F7410B800C0A295 /* AIPanelListOrderTests.swift */; };
		BB2270322F7410B800C0A295 /* BookContentPipelineTests.swift in Sources */ = {isa = PBXBuildFile; fileRef = BB2270172F7410B800C0A295 /* BookContentPipelineTests.swift */; };
		BB2270332F7410B800C0A295 /* RSVPEngineTests.swift in Sources */ = {isa = PBXBuildFile; fileRef = BB2270182F7410B800C0A295 /* RSVPEngineTests.swift */; };
		BBD000012F75000000ABCDEF /* DatabaseServiceTests.swift in Sources */ = {isa = PBXBuildFile; fileRef = BBD000052F75000000ABCDEF /* DatabaseServiceTests.swift */; };
		BBD000022F75000000ABCDEF /* LLMServiceTests.swift in Sources */ = {isa = PBXBuildFile; fileRef = BBD000062F75000000ABCDEF /* LLMServiceTests.swift */; };
		BBD000032F75000000ABCDEF /* LLMPromptsTests.swift in Sources */ = {isa = PBXBuildFile; fileRef = BBD000072F75000000ABCDEF /* LLMPromptsTests.swift */; };
		BBD000042F75000000ABCDEF /* ChapterAnalyzerTests.swift in Sources */ = {isa = PBXBuildFile; fileRef = BBD000082F75000000ABCDEF /* ChapterAnalyzerTests.swift */; };
		BBD000092F75000000ABCDEF /* BookProcessorCostAccountingTests.swift in Sources */ = {isa = PBXBuildFile; fileRef = BBD0000A2F75000000ABCDEF /* BookProcessorCostAccountingTests.swift */; };
		BBF000012F75000000ABC001 /* ChatMessageMarkdownTests.swift in Sources */ = {isa = PBXBuildFile; fileRef = BBF000022F75000000ABC002 /* ChatMessageMarkdownTests.swift */; };
		BBF000032F75000000ABC003 /* SelectableTextMarkdownTests.swift in Sources */ = {isa = PBXBuildFile; fileRef = BBF000042F75000000ABC003 /* SelectableTextMarkdownTests.swift */; };
		BBF000052F75000000ABC004 /* ModelUpdateTests.swift in Sources */ = {isa = PBXBuildFile; fileRef = BBF000062F75000000ABC004 /* ModelUpdateTests.swift */; };
		BBF00008A2F75000000A0001 /* ProgressTracker.swift in Sources */ = {isa = PBXBuildFile; fileRef = BBF00008B2F75000000A0002 /* ProgressTracker.swift */; };
		BBF00008C2F75000000A0003 /* ProgressTrackerTests.swift in Sources */ = {isa = PBXBuildFile; fileRef = BBF00008D2F75000000A0004 /* ProgressTrackerTests.swift */; };
		BBF00009A2F75000000B0001 /* ProcessingCostTracker.swift in Sources */ = {isa = PBXBuildFile; fileRef = BBF00009B2F75000000B0002 /* ProcessingCostTracker.swift */; };
		BBF00009C2F75000000B0003 /* ProcessingCostTrackerTests.swift in Sources */ = {isa = PBXBuildFile; fileRef = BBF00009D2F75000000B0004 /* ProcessingCostTrackerTests.swift */; };
		BB2F0ACF2F06DFDB001C1E4C /* SearchQueryBuilder.swift in Sources */ = {isa = PBXBuildFile; fileRef = BB2F0ACE2F06DFDB001C1E4C /* SearchQueryBuilder.swift */; };
		BB3A2BE22F71EB0E004A9F3E /* ReaderSplitView.swift in Sources */ = {isa = PBXBuildFile; fileRef = BB3A2BE12F71EB0E004A9F3E /* ReaderSplitView.swift */; };
		BB5A89A02F71BD31006494B9 /* SupportedModels.swift in Sources */ = {isa = PBXBuildFile; fileRef = BB5A899F2F71BD31006494B9 /* SupportedModels.swift */; };
		BB5E00002F11C1FB00A7A2E6 /* ReaderSession.swift in Sources */ = {isa = PBXBuildFile; fileRef = BB5EFFFF2F11C1FB00A7A2E6 /* ReaderSession.swift */; };
		BB5EFFFC2F11C05900A7A2E6 /* AutoScrollEngine.swift in Sources */ = {isa = PBXBuildFile; fileRef = BB5EFFFB2F11C05900A7A2E6 /* AutoScrollEngine.swift */; };
		BB5EFFFE2F11C1E900A7A2E6 /* ChapterAnalyzer.swift in Sources */ = {isa = PBXBuildFile; fileRef = BB5EFFFD2F11C1E900A7A2E6 /* ChapterAnalyzer.swift */; };
		BB5F438E2F0AD757004A92D8 /* ChapterProgressCalculator.swift in Sources */ = {isa = PBXBuildFile; fileRef = BB5F438D2F0AD757004A92D8 /* ChapterProgressCalculator.swift */; };
		BBB3B7062F1EBE2300791C96 /* RSVPEngine.swift in Sources */ = {isa = PBXBuildFile; fileRef = BBB3B7052F1EBE2300791C96 /* RSVPEngine.swift */; };
		BBB3B7082F1EBE3900791C96 /* RSVPFooterView.swift in Sources */ = {isa = PBXBuildFile; fileRef = BBB3B7072F1EBE3900791C96 /* RSVPFooterView.swift */; };
		BBB3B70A2F1EBE4500791C96 /* RSVPView.swift in Sources */ = {isa = PBXBuildFile; fileRef = BBB3B7092F1EBE4500791C96 /* RSVPView.swift */; };
		BBBA135C2F146975008FC6ED /* ThemedControls.swift in Sources */ = {isa = PBXBuildFile; fileRef = BBBA135B2F146975008FC6ED /* ThemedControls.swift */; };
		BBC04C5A2F1AFD47006D17FB /* BookProcessor.swift in Sources */ = {isa = PBXBuildFile; fileRef = BBC04C592F1AFD47006D17FB /* BookProcessor.swift */; };
		BBC04C5D2F1B021D006D17FB /* Formatters.swift in Sources */ = {isa = PBXBuildFile; fileRef = BBC04C5B2F1B021D006D17FB /* Formatters.swift */; };
		BBC04C5E2F1B021D006D17FB /* ImageFormatDetector.swift in Sources */ = {isa = PBXBuildFile; fileRef = BBC04C5C2F1B021D006D17FB /* ImageFormatDetector.swift */; };
		BBC04C612F1B14A4006D17FB /* ResilientSession.swift in Sources */ = {isa = PBXBuildFile; fileRef = BBC04C602F1B14A4006D17FB /* ResilientSession.swift */; };
		BBF6ECBD2F118B9F00258A92 /* ProgressCalculatorCache.swift in Sources */ = {isa = PBXBuildFile; fileRef = BBF6ECBC2F118B9F00258A92 /* ProgressCalculatorCache.swift */; };
		F001 /* ReverieApp.swift in Sources */ = {isa = PBXBuildFile; fileRef = S001 /* ReverieApp.swift */; };
		F002 /* AppState.swift in Sources */ = {isa = PBXBuildFile; fileRef = S002 /* AppState.swift */; };
		F003 /* Book.swift in Sources */ = {isa = PBXBuildFile; fileRef = S003 /* Book.swift */; };
		F004 /* Chapter.swift in Sources */ = {isa = PBXBuildFile; fileRef = S004 /* Chapter.swift */; };
		F005 /* Annotation.swift in Sources */ = {isa = PBXBuildFile; fileRef = S005 /* Annotation.swift */; };
		F006 /* Quiz.swift in Sources */ = {isa = PBXBuildFile; fileRef = S006 /* Quiz.swift */; };
		F007 /* GeneratedImage.swift in Sources */ = {isa = PBXBuildFile; fileRef = S007 /* GeneratedImage.swift */; };
		F008 /* Database.swift in Sources */ = {isa = PBXBuildFile; fileRef = S008 /* Database.swift */; };
		F009 /* EPUBParser.swift in Sources */ = {isa = PBXBuildFile; fileRef = S009 /* EPUBParser.swift */; };
		F010 /* LLMService.swift in Sources */ = {isa = PBXBuildFile; fileRef = S010 /* LLMService.swift */; };
		F011 /* ImageService.swift in Sources */ = {isa = PBXBuildFile; fileRef = S011 /* ImageService.swift */; };
		F012 /* HomeView.swift in Sources */ = {isa = PBXBuildFile; fileRef = S012 /* HomeView.swift */; };
		F013 /* BookCard.swift in Sources */ = {isa = PBXBuildFile; fileRef = S013 /* BookCard.swift */; };
		F014 /* ImportSheet.swift in Sources */ = {isa = PBXBuildFile; fileRef = S014 /* ImportSheet.swift */; };
		F015 /* ReaderView.swift in Sources */ = {isa = PBXBuildFile; fileRef = S015 /* ReaderView.swift */; };
		F016 /* BookContentView.swift in Sources */ = {isa = PBXBuildFile; fileRef = S016 /* BookContentView.swift */; };
		F017 /* AIPanel.swift in Sources */ = {isa = PBXBuildFile; fileRef = S017 /* AIPanel.swift */; };
		F018 /* SettingsView.swift in Sources */ = {isa = PBXBuildFile; fileRef = S018 /* SettingsView.swift */; };
		F019 /* Theme.swift in Sources */ = {isa = PBXBuildFile; fileRef = S019 /* Theme.swift */; };
		F020 /* RosePine.swift in Sources */ = {isa = PBXBuildFile; fileRef = S020 /* RosePine.swift */; };
		F022 /* Footnote.swift in Sources */ = {isa = PBXBuildFile; fileRef = S022 /* Footnote.swift */; };
		F023 /* ReadingSpeedTracker.swift in Sources */ = {isa = PBXBuildFile; fileRef = S023 /* ReadingSpeedTracker.swift */; };
		F024 /* StatsView.swift in Sources */ = {isa = PBXBuildFile; fileRef = S024 /* StatsView.swift */; };
		F025 /* ReaderMetrics.swift in Sources */ = {isa = PBXBuildFile; fileRef = S025 /* ReaderMetrics.swift */; };
		F026 /* LibraryPaths.swift in Sources */ = {isa = PBXBuildFile; fileRef = S026 /* LibraryPaths.swift */; };
		F027 /* LLMStream.swift in Sources */ = {isa = PBXBuildFile; fileRef = S027 /* LLMStream.swift */; };
		F028 /* LLMSchemas.swift in Sources */ = {isa = PBXBuildFile; fileRef = S028 /* LLMSchemas.swift */; };
		F029 /* LLMProviders.swift in Sources */ = {isa = PBXBuildFile; fileRef = S029 /* LLMProviders.swift */; };
		F030 /* LLMPrompts.swift in Sources */ = {isa = PBXBuildFile; fileRef = S030 /* LLMPrompts.swift */; };
		F031 /* ContentBlockParser.swift in Sources */ = {isa = PBXBuildFile; fileRef = S031 /* ContentBlockParser.swift */; };
		F032 /* CostEstimation.swift in Sources */ = {isa = PBXBuildFile; fileRef = S032 /* CostEstimation.swift */; };
		F033 /* BookProcessingStatus.swift in Sources */ = {isa = PBXBuildFile; fileRef = S033 /* BookProcessingStatus.swift */; };
		F034 /* SelectableText.swift in Sources */ = {isa = PBXBuildFile; fileRef = S034 /* SelectableText.swift */; };
		F035 /* ReadingStats.swift in Sources */ = {isa = PBXBuildFile; fileRef = S035 /* ReadingStats.swift */; };
		F036 /* ProcessBookView.swift in Sources */ = {isa = PBXBuildFile; fileRef = S036 /* ProcessBookView.swift */; };
		F037 /* ReaderBridge.js in Resources */ = {isa = PBXBuildFile; fileRef = S037 /* ReaderBridge.js */; };
	/* End PBXBuildFile section */

/* Begin PBXContainerItemProxy section */
		BB2270612F7410B800C0A295 /* PBXContainerItemProxy */ = {
			isa = PBXContainerItemProxy;
			containerPortal = PROJECT /* Project object */;
			proxyType = 1;
			remoteGlobalIDString = TARGET;
			remoteInfo = Reverie;
		};
/* End PBXContainerItemProxy section */

/* Begin PBXFileReference section */
		BB06EE402F0EF7C400E925E2 /* AIProcessingToggle.swift */ = {isa = PBXFileReference; lastKnownFileType = sourcecode.swift; name = AIProcessingToggle.swift; path = Reverie/Views/Home/AIProcessingToggle.swift; sourceTree = "<group>"; };
		BB1CB9AF2F0CBD350032144E /* ExpandedProcessingCard.swift */ = {isa = PBXFileReference; lastKnownFileType = sourcecode.swift; name = ExpandedProcessingCard.swift; path = Reverie/Views/Home/ExpandedProcessingCard.swift; sourceTree = "<group>"; };
		BB1FD8AC2F0EC96100AECB66 /* Assets.xcassets */ = {isa = PBXFileReference; lastKnownFileType = folder.assetcatalog; path = Assets.xcassets; sourceTree = "<group>"; };
		BB2270122F7410B800C0A295 /* BookContentPipeline.swift */ = {isa = PBXFileReference; lastKnownFileType = sourcecode.swift; name = BookContentPipeline.swift; path = Reverie/Views/Reader/BookContentPipeline.swift; sourceTree = "<group>"; };
		BB2270142F7410B800C0A295 /* AIPanelListOrder.swift */ = {isa = PBXFileReference; lastKnownFileType = sourcecode.swift; path = AIPanelListOrder.swift; sourceTree = "<group>"; };
		BB2270162F7410B800C0A295 /* AIPanelListOrderTests.swift */ = {isa = PBXFileReference; lastKnownFileType = sourcecode.swift; path = AIPanelListOrderTests.swift; sourceTree = "<group>"; };
		BB2270172F7410B800C0A295 /* BookContentPipelineTests.swift */ = {isa = PBXFileReference; lastKnownFileType = sourcecode.swift; path = BookContentPipelineTests.swift; sourceTree = "<group>"; };
		BB2270182F7410B800C0A295 /* RSVPEngineTests.swift */ = {isa = PBXFileReference; lastKnownFileType = sourcecode.swift; path = RSVPEngineTests.swift; sourceTree = "<group>"; };
		BB2270202F7410B800C0A295 /* ReverieTests.xctest */ = {isa = PBXFileReference; explicitFileType = wrapper.cfbundle; includeInIndex = 0; path = ReverieTests.xctest; sourceTree = BUILT_PRODUCTS_DIR; };
		BBD000052F75000000ABCDEF /* DatabaseServiceTests.swift */ = {isa = PBXFileReference; lastKnownFileType = sourcecode.swift; path = DatabaseServiceTests.swift; sourceTree = "<group>"; };
		BBD000062F75000000ABCDEF /* LLMServiceTests.swift */ = {isa = PBXFileReference; lastKnownFileType = sourcecode.swift; path = LLMServiceTests.swift; sourceTree = "<group>"; };
		BBD000072F75000000ABCDEF /* LLMPromptsTests.swift */ = {isa = PBXFileReference; lastKnownFileType = sourcecode.swift; path = LLMPromptsTests.swift; sourceTree = "<group>"; };
		BBD000082F75000000ABCDEF /* ChapterAnalyzerTests.swift */ = {isa = PBXFileReference; lastKnownFileType = sourcecode.swift; path = ChapterAnalyzerTests.swift; sourceTree = "<group>"; };
		BBD0000A2F75000000ABCDEF /* BookProcessorCostAccountingTests.swift */ = {isa = PBXFileReference; lastKnownFileType = sourcecode.swift; path = BookProcessorCostAccountingTests.swift; sourceTree = "<group>"; };
		BBF000022F75000000ABC002 /* ChatMessageMarkdownTests.swift */ = {isa = PBXFileReference; lastKnownFileType = sourcecode.swift; path = ChatMessageMarkdownTests.swift; sourceTree = "<group>"; };
		BBF000042F75000000ABC003 /* SelectableTextMarkdownTests.swift */ = {isa = PBXFileReference; lastKnownFileType = sourcecode.swift; path = SelectableTextMarkdownTests.swift; sourceTree = "<group>"; };
		BBF000062F75000000ABC004 /* ModelUpdateTests.swift */ = {isa = PBXFileReference; lastKnownFileType = sourcecode.swift; path = ModelUpdateTests.swift; sourceTree = "<group>"; };
		BB2F0ACE2F06DFDB001C1E4C /* SearchQueryBuilder.swift */ = {isa = PBXFileReference; lastKnownFileType = sourcecode.swift; path = SearchQueryBuilder.swift; sourceTree = "<group>"; };
		BB3A2BE12F71EB0E004A9F3E /* ReaderSplitView.swift */ = {isa = PBXFileReference; lastKnownFileType = sourcecode.swift; name = ReaderSplitView.swift; path = Reverie/Views/Reader/ReaderSplitView.swift; sourceTree = "<group>"; };
		BB5A899F2F71BD31006494B9 /* SupportedModels.swift */ = {isa = PBXFileReference; lastKnownFileType = sourcecode.swift; name = SupportedModels.swift; path = Reverie/Services/SupportedModels.swift; sourceTree = "<group>"; };
		BB5EFFFB2F11C05900A7A2E6 /* AutoScrollEngine.swift */ = {isa = PBXFileReference; lastKnownFileType = sourcecode.swift; name = AutoScrollEngine.swift; path = Reverie/ViewModels/Reader/AutoScrollEngine.swift; sourceTree = "<group>"; };
		BB5EFFFD2F11C1E900A7A2E6 /* ChapterAnalyzer.swift */ = {isa = PBXFileReference; lastKnownFileType = sourcecode.swift; name = ChapterAnalyzer.swift; path = Reverie/ViewModels/Reader/ChapterAnalyzer.swift; sourceTree = "<group>"; };
		BB5EFFFF2F11C1FB00A7A2E6 /* ReaderSession.swift */ = {isa = PBXFileReference; lastKnownFileType = sourcecode.swift; name = ReaderSession.swift; path = Reverie/ViewModels/Reader/ReaderSession.swift; sourceTree = "<group>"; };
		BB5F438D2F0AD757004A92D8 /* ChapterProgressCalculator.swift */ = {isa = PBXFileReference; lastKnownFileType = sourcecode.swift; name = ChapterProgressCalculator.swift; path = Reverie/Services/ChapterProgressCalculator.swift; sourceTree = "<group>"; };
		BBB3B7052F1EBE2300791C96 /* RSVPEngine.swift */ = {isa = PBXFileReference; lastKnownFileType = sourcecode.swift; name = RSVPEngine.swift; path = Reverie/ViewModels/Reader/RSVPEngine.swift; sourceTree = "<group>"; };
		BBB3B7072F1EBE3900791C96 /* RSVPFooterView.swift */ = {isa = PBXFileReference; lastKnownFileType = sourcecode.swift; name = RSVPFooterView.swift; path = Reverie/Views/Reader/RSVPFooterView.swift; sourceTree = "<group>"; };
		BBB3B7092F1EBE4500791C96 /* RSVPView.swift */ = {isa = PBXFileReference; lastKnownFileType = sourcecode.swift; name = RSVPView.swift; path = Reverie/Views/Reader/RSVPView.swift; sourceTree = "<group>"; };
		BBBA135B2F146975008FC6ED /* ThemedControls.swift */ = {isa = PBXFileReference; lastKnownFileType = sourcecode.swift; name = ThemedControls.swift; path = Reverie/Views/Components/ThemedControls.swift; sourceTree = "<group>"; };
		BBC04C592F1AFD47006D17FB /* BookProcessor.swift */ = {isa = PBXFileReference; lastKnownFileType = sourcecode.swift; name = BookProcessor.swift; path = Reverie/Services/BookProcessor.swift; sourceTree = "<group>"; };
		BBC04C5B2F1B021D006D17FB /* Formatters.swift */ = {isa = PBXFileReference; lastKnownFileType = sourcecode.swift; name = Formatters.swift; path = Reverie/Utilities/Formatters.swift; sourceTree = "<group>"; };
		BBC04C5C2F1B021D006D17FB /* ImageFormatDetector.swift */ = {isa = PBXFileReference; lastKnownFileType = sourcecode.swift; name = ImageFormatDetector.swift; path = Reverie/Utilities/ImageFormatDetector.swift; sourceTree = "<group>"; };
		BBC04C602F1B14A4006D17FB /* ResilientSession.swift */ = {isa = PBXFileReference; lastKnownFileType = sourcecode.swift; name = ResilientSession.swift; path = Reverie/Services/ResilientSession.swift; sourceTree = "<group>"; };
		BBF6ECBC2F118B9F00258A92 /* ProgressCalculatorCache.swift */ = {isa = PBXFileReference; lastKnownFileType = sourcecode.swift; name = ProgressCalculatorCache.swift; path = Reverie/Services/ProgressCalculatorCache.swift; sourceTree = "<group>"; };
		BBF00008B2F75000000A0002 /* ProgressTracker.swift */ = {isa = PBXFileReference; lastKnownFileType = sourcecode.swift; path = ProgressTracker.swift; sourceTree = "<group>"; };
		BBF00008D2F75000000A0004 /* ProgressTrackerTests.swift */ = {isa = PBXFileReference; lastKnownFileType = sourcecode.swift; path = ProgressTrackerTests.swift; sourceTree = "<group>"; };
		BBF00009B2F75000000B0002 /* ProcessingCostTracker.swift */ = {isa = PBXFileReference; lastKnownFileType = sourcecode.swift; path = ProcessingCostTracker.swift; sourceTree = "<group>"; };
		BBF00009D2F75000000B0004 /* ProcessingCostTrackerTests.swift */ = {isa = PBXFileReference; lastKnownFileType = sourcecode.swift; path = ProcessingCostTrackerTests.swift; sourceTree = "<group>"; };
		PROD /* Reverie.app */ = {isa = PBXFileReference; explicitFileType = wrapper.application; includeInIndex = 0; path = Reverie.app; sourceTree = BUILT_PRODUCTS_DIR; };
		S001 /* ReverieApp.swift */ = {isa = PBXFileReference; lastKnownFileType = sourcecode.swift; path = ReverieApp.swift; sourceTree = "<group>"; };
		S002 /* AppState.swift */ = {isa = PBXFileReference; lastKnownFileType = sourcecode.swift; path = AppState.swift; sourceTree = "<group>"; };
		S003 /* Book.swift */ = {isa = PBXFileReference; lastKnownFileType = sourcecode.swift; path = Book.swift; sourceTree = "<group>"; };
		S004 /* Chapter.swift */ = {isa = PBXFileReference; lastKnownFileType = sourcecode.swift; path = Chapter.swift; sourceTree = "<group>"; };
		S005 /* Annotation.swift */ = {isa = PBXFileReference; lastKnownFileType = sourcecode.swift; path = Annotation.swift; sourceTree = "<group>"; };
		S006 /* Quiz.swift */ = {isa = PBXFileReference; lastKnownFileType = sourcecode.swift; path = Quiz.swift; sourceTree = "<group>"; };
		S007 /* GeneratedImage.swift */ = {isa = PBXFileReference; lastKnownFileType = sourcecode.swift; path = GeneratedImage.swift; sourceTree = "<group>"; };
		S008 /* Database.swift */ = {isa = PBXFileReference; lastKnownFileType = sourcecode.swift; path = Database.swift; sourceTree = "<group>"; };
		S009 /* EPUBParser.swift */ = {isa = PBXFileReference; lastKnownFileType = sourcecode.swift; path = EPUBParser.swift; sourceTree = "<group>"; };
		S010 /* LLMService.swift */ = {isa = PBXFileReference; lastKnownFileType = sourcecode.swift; path = LLMService.swift; sourceTree = "<group>"; };
		S011 /* ImageService.swift */ = {isa = PBXFileReference; lastKnownFileType = sourcecode.swift; path = ImageService.swift; sourceTree = "<group>"; };
		S012 /* HomeView.swift */ = {isa = PBXFileReference; lastKnownFileType = sourcecode.swift; path = HomeView.swift; sourceTree = "<group>"; };
		S013 /* BookCard.swift */ = {isa = PBXFileReference; lastKnownFileType = sourcecode.swift; path = BookCard.swift; sourceTree = "<group>"; };
		S014 /* ImportSheet.swift */ = {isa = PBXFileReference; lastKnownFileType = sourcecode.swift; path = ImportSheet.swift; sourceTree = "<group>"; };
		S015 /* ReaderView.swift */ = {isa = PBXFileReference; lastKnownFileType = sourcecode.swift; path = ReaderView.swift; sourceTree = "<group>"; };
		S016 /* BookContentView.swift */ = {isa = PBXFileReference; lastKnownFileType = sourcecode.swift; path = BookContentView.swift; sourceTree = "<group>"; };
		S017 /* AIPanel.swift */ = {isa = PBXFileReference; lastKnownFileType = sourcecode.swift; path = AIPanel.swift; sourceTree = "<group>"; };
		S018 /* SettingsView.swift */ = {isa = PBXFileReference; lastKnownFileType = sourcecode.swift; path = SettingsView.swift; sourceTree = "<group>"; };
		S019 /* Theme.swift */ = {isa = PBXFileReference; lastKnownFileType = sourcecode.swift; path = Theme.swift; sourceTree = "<group>"; };
		S020 /* RosePine.swift */ = {isa = PBXFileReference; lastKnownFileType = sourcecode.swift; path = RosePine.swift; sourceTree = "<group>"; };
		S022 /* Footnote.swift */ = {isa = PBXFileReference; lastKnownFileType = sourcecode.swift; path = Footnote.swift; sourceTree = "<group>"; };
		S023 /* ReadingSpeedTracker.swift */ = {isa = PBXFileReference; lastKnownFileType = sourcecode.swift; path = ReadingSpeedTracker.swift; sourceTree = "<group>"; };
		S024 /* StatsView.swift */ = {isa = PBXFileReference; lastKnownFileType = sourcecode.swift; path = StatsView.swift; sourceTree = "<group>"; };
		S025 /* ReaderMetrics.swift */ = {isa = PBXFileReference; lastKnownFileType = sourcecode.swift; path = ReaderMetrics.swift; sourceTree = "<group>"; };
		S026 /* LibraryPaths.swift */ = {isa = PBXFileReference; lastKnownFileType = sourcecode.swift; path = LibraryPaths.swift; sourceTree = "<group>"; };
		S027 /* LLMStream.swift */ = {isa = PBXFileReference; lastKnownFileType = sourcecode.swift; path = LLMStream.swift; sourceTree = "<group>"; };
		S028 /* LLMSchemas.swift */ = {isa = PBXFileReference; lastKnownFileType = sourcecode.swift; path = LLMSchemas.swift; sourceTree = "<group>"; };
		S029 /* LLMProviders.swift */ = {isa = PBXFileReference; lastKnownFileType = sourcecode.swift; path = LLMProviders.swift; sourceTree = "<group>"; };
		S030 /* LLMPrompts.swift */ = {isa = PBXFileReference; lastKnownFileType = sourcecode.swift; path = LLMPrompts.swift; sourceTree = "<group>"; };
		S031 /* ContentBlockParser.swift */ = {isa = PBXFileReference; lastKnownFileType = sourcecode.swift; path = ContentBlockParser.swift; sourceTree = "<group>"; };
		S032 /* CostEstimation.swift */ = {isa = PBXFileReference; lastKnownFileType = sourcecode.swift; path = CostEstimation.swift; sourceTree = "<group>"; };
		S033 /* BookProcessingStatus.swift */ = {isa = PBXFileReference; lastKnownFileType = sourcecode.swift; path = BookProcessingStatus.swift; sourceTree = "<group>"; };
		S034 /* SelectableText.swift */ = {isa = PBXFileReference; lastKnownFileType = sourcecode.swift; path = SelectableText.swift; sourceTree = "<group>"; };
		S035 /* ReadingStats.swift */ = {isa = PBXFileReference; lastKnownFileType = sourcecode.swift; path = ReadingStats.swift; sourceTree = "<group>"; };
		S036 /* ProcessBookView.swift */ = {isa = PBXFileReference; lastKnownFileType = sourcecode.swift; path = ProcessBookView.swift; sourceTree = "<group>"; };
		S037 /* ReaderBridge.js */ = {isa = PBXFileReference; lastKnownFileType = sourcecode.javascript; path = ReaderBridge.js; sourceTree = "<group>"; };
/* End PBXFileReference section */

/* Begin PBXFrameworksBuildPhase section */
		FRMWK /* Frameworks */ = {
			isa = PBXFrameworksBuildPhase;
			files = (
				BB007F5D2F057A2000926C8E /* GRDB in Frameworks */,
			);
		};
		BB2270422F7410B800C0A295 /* Frameworks */ = {
			isa = PBXFrameworksBuildPhase;
			files = (
			);
		};
/* End PBXFrameworksBuildPhase section */

/* Begin PBXGroup section */
		APP /* App */ = {
			isa = PBXGroup;
			children = (
				S001 /* ReverieApp.swift */,
				S002 /* AppState.swift */,
				S035 /* ReadingStats.swift */,
			);
			path = App;
			sourceTree = "<group>";
		};
		MODELS /* Models */ = {
			isa = PBXGroup;
			children = (
				S003 /* Book.swift */,
				S004 /* Chapter.swift */,
				S005 /* Annotation.swift */,
				S006 /* Quiz.swift */,
				S007 /* GeneratedImage.swift */,
				S022 /* Footnote.swift */,
			);
			path = Models;
			sourceTree = "<group>";
		};
		PRODUCTS /* Products */ = {
			isa = PBXGroup;
			children = (
				PROD /* Reverie.app */,
				BB2270202F7410B800C0A295 /* ReverieTests.xctest */,
			);
			name = Products;
			sourceTree = "<group>";
		};
		READER /* Reverie */ = {
			isa = PBXGroup;
			children = (
				APP /* App */,
				MODELS /* Models */,
				SERVICES /* Services */,
				VIEWS /* Views */,
				THEME /* Theme */,
				RESOURCES /* Resources */,
			);
			path = Reverie;
			sourceTree = "<group>";
		};
		RESOURCES /* Resources */ = {
			isa = PBXGroup;
			children = (
				S037 /* ReaderBridge.js */,
				BB1FD8AC2F0EC96100AECB66 /* Assets.xcassets */,
			);
			path = Resources;
			sourceTree = "<group>";
		};
		ROOT = {
			isa = PBXGroup;
			children = (
				BBB3B7052F1EBE2300791C96 /* RSVPEngine.swift */,
				BBB3B7072F1EBE3900791C96 /* RSVPFooterView.swift */,
				BBB3B7092F1EBE4500791C96 /* RSVPView.swift */,
				BB5EFFFF2F11C1FB00A7A2E6 /* ReaderSession.swift */,
				BB5EFFFD2F11C1E900A7A2E6 /* ChapterAnalyzer.swift */,
				BB5EFFFB2F11C05900A7A2E6 /* AutoScrollEngine.swift */,
				BB06EE402F0EF7C400E925E2 /* AIProcessingToggle.swift */,
				READER /* Reverie */,
				BB2270212F7410B800C0A295 /* ReverieTests */,
				PRODUCTS /* Products */,
				BB5F438D2F0AD757004A92D8 /* ChapterProgressCalculator.swift */,
				BB1CB9AF2F0CBD350032144E /* ExpandedProcessingCard.swift */,
				BBC04C5B2F1B021D006D17FB /* Formatters.swift */,
				BBC04C5C2F1B021D006D17FB /* ImageFormatDetector.swift */,
				BBF6ECBC2F118B9F00258A92 /* ProgressCalculatorCache.swift */,
				BBBA135B2F146975008FC6ED /* ThemedControls.swift */,
				BBC04C592F1AFD47006D17FB /* BookProcessor.swift */,
				BBC04C602F1B14A4006D17FB /* ResilientSession.swift */,
				BB5A899F2F71BD31006494B9 /* SupportedModels.swift */,
				BB3A2BE12F71EB0E004A9F3E /* ReaderSplitView.swift */,
				BB2270122F7410B800C0A295 /* BookContentPipeline.swift */,
			);
			sourceTree = "<group>";
		};
		BB2270212F7410B800C0A295 /* ReverieTests */ = {
			isa = PBXGroup;
			children = (
				BB2270162F7410B800C0A295 /* AIPanelListOrderTests.swift */,
				BBD0000A2F75000000ABCDEF /* BookProcessorCostAccountingTests.swift */,
				BBD000052F75000000ABCDEF /* DatabaseServiceTests.swift */,
				BBD000062F75000000ABCDEF /* LLMServiceTests.swift */,
				BBD000072F75000000ABCDEF /* LLMPromptsTests.swift */,
				BBF000022F75000000ABC002 /* ChatMessageMarkdownTests.swift */,
				BBF000042F75000000ABC003 /* SelectableTextMarkdownTests.swift */,
				BBF000062F75000000ABC004 /* ModelUpdateTests.swift */,
				BBF00008D2F75000000A0004 /* ProgressTrackerTests.swift */,
				BBF00009D2F75000000B0004 /* ProcessingCostTrackerTests.swift */,
				BB2270222F7410B800C0A295 /* ViewModels */,
			);
			path = Reverie/Tests/ReverieTests;
			sourceTree = "<group>";
		};
		BB2270222F7410B800C0A295 /* ViewModels */ = {
			isa = PBXGroup;
			children = (
				BBD000082F75000000ABCDEF /* ChapterAnalyzerTests.swift */,
				BB2270172F7410B800C0A295 /* BookContentPipelineTests.swift */,
				BB2270182F7410B800C0A295 /* RSVPEngineTests.swift */,
			);
			path = ViewModels;
			sourceTree = "<group>";
		};
		SERVICES /* Services */ = {
			isa = PBXGroup;
			children = (
				S008 /* Database.swift */,
				S009 /* EPUBParser.swift */,
				S010 /* LLMService.swift */,
				BB2F0ACE2F06DFDB001C1E4C /* SearchQueryBuilder.swift */,
				SERVICES_LLM /* LLM */,
				S011 /* ImageService.swift */,
				S026 /* LibraryPaths.swift */,
				S023 /* ReadingSpeedTracker.swift */,
				BBF00008B2F75000000A0002 /* ProgressTracker.swift */,
				BBF00009B2F75000000B0002 /* ProcessingCostTracker.swift */,
				S031 /* ContentBlockParser.swift */,
				S032 /* CostEstimation.swift */,
			);
			path = Services;
			sourceTree = "<group>";
		};
		SERVICES_LLM /* LLM */ = {
			isa = PBXGroup;
			children = (
				S027 /* LLMStream.swift */,
				S028 /* LLMSchemas.swift */,
				S029 /* LLMProviders.swift */,
				S030 /* LLMPrompts.swift */,
			);
			path = LLM;
			sourceTree = "<group>";
		};
		THEME /* Theme */ = {
			isa = PBXGroup;
			children = (
				S019 /* Theme.swift */,
				S020 /* RosePine.swift */,
			);
			path = Theme;
			sourceTree = "<group>";
		};
		VIEWS /* Views */ = {
			isa = PBXGroup;
			children = (
				VIEWS_HOME /* Home */,
				VIEWS_READER /* Reader */,
				VIEWS_SETTINGS /* Settings */,
				VIEWS_SHARED /* Shared */,
				VIEWS_STATS /* Stats */,
			);
			path = Views;
			sourceTree = "<group>";
		};
		VIEWS_HOME /* Home */ = {
			isa = PBXGroup;
			children = (
				S012 /* HomeView.swift */,
				S013 /* BookCard.swift */,
				S014 /* ImportSheet.swift */,
				S036 /* ProcessBookView.swift */,
				S033 /* BookProcessingStatus.swift */,
			);
			path = Home;
			sourceTree = "<group>";
		};
		VIEWS_READER /* Reader */ = {
			isa = PBXGroup;
			children = (
				S015 /* ReaderView.swift */,
				S016 /* BookContentView.swift */,
				S017 /* AIPanel.swift */,
				BB2270142F7410B800C0A295 /* AIPanelListOrder.swift */,
				S025 /* ReaderMetrics.swift */,
			);
			path = Reader;
			sourceTree = "<group>";
		};
		VIEWS_SETTINGS /* Settings */ = {
			isa = PBXGroup;
			children = (
				S018 /* SettingsView.swift */,
			);
			path = Settings;
			sourceTree = "<group>";
		};
		VIEWS_SHARED /* Shared */ = {
			isa = PBXGroup;
			children = (
				S034 /* SelectableText.swift */,
			);
			path = Shared;
			sourceTree = "<group>";
		};
		VIEWS_STATS /* Stats */ = {
			isa = PBXGroup;
			children = (
				S024 /* StatsView.swift */,
			);
			path = Stats;
			sourceTree = "<group>";
		};
/* End PBXGroup section */

/* Begin PBXNativeTarget section */
		TARGET /* Reverie */ = {
			isa = PBXNativeTarget;
			buildConfigurationList = CFGLIST_TARGET /* Build configuration list for PBXNativeTarget "Reverie" */;
			buildPhases = (
				SOURCES /* Sources */,
				FRMWK /* Frameworks */,
				RES001 /* Resources */,
			);
			buildRules = (
			);
			name = Reverie;
			packageProductDependencies = (
				BB007F5C2F057A2000926C8E /* GRDB */,
			);
			productName = Reverie;
			productReference = PROD /* Reverie.app */;
			productType = "com.apple.product-type.application";
		};
		BB2270402F7410B800C0A295 /* ReverieTests */ = {
			isa = PBXNativeTarget;
			buildConfigurationList = BB2270522F7410B800C0A295 /* Build configuration list for PBXNativeTarget "ReverieTests" */;
			buildPhases = (
				BB2270412F7410B800C0A295 /* Sources */,
				BB2270422F7410B800C0A295 /* Frameworks */,
				BB2270432F7410B800C0A295 /* Resources */,
			);
			buildRules = (
			);
			dependencies = (
				BB2270602F7410B800C0A295 /* PBXTargetDependency */,
			);
			name = ReverieTests;
			productName = ReverieTests;
			productReference = BB2270202F7410B800C0A295 /* ReverieTests.xctest */;
			productType = "com.apple.product-type.bundle.unit-test";
		};
/* End PBXNativeTarget section */

/* Begin PBXProject section */
		PROJECT /* Project object */ = {
			isa = PBXProject;
			attributes = {
				BuildIndependentTargetsInParallel = 1;
				LastSwiftUpdateCheck = 1500;
				LastUpgradeCheck = 2600;
			};
			buildConfigurationList = CFGLIST_PROJECT /* Build configuration list for PBXProject "Reverie" */;
			developmentRegion = en;
			hasScannedForEncodings = 0;
			knownRegions = (
				en,
				Base,
			);
			mainGroup = ROOT;
			packageReferences = (
				BB007F5B2F057A2000926C8E /* XCRemoteSwiftPackageReference "GRDB.swift" */,
			);
			preferredProjectObjectVersion = 90;
			productRefGroup = PRODUCTS /* Products */;
			projectDirPath = "";
			projectRoot = "";
			targets = (
				TARGET /* Reverie */,
				BB2270402F7410B800C0A295 /* ReverieTests */,
			);
		};
/* End PBXProject section */

/* Begin PBXResourcesBuildPhase section */
		RES001 /* Resources */ = {
			isa = PBXResourcesBuildPhase;
			files = (
				BB1FD8AD2F0EC96100AECB66 /* Assets.xcassets in Resources */,
				F037 /* ReaderBridge.js in Resources */,
			);
		};
		BB2270432F7410B800C0A295 /* Resources */ = {
			isa = PBXResourcesBuildPhase;
			files = (
			);
		};
/* End PBXResourcesBuildPhase section */

/* Begin PBXSourcesBuildPhase section */
		SOURCES /* Sources */ = {
			isa = PBXSourcesBuildPhase;
			files = (
				BB5F438E2F0AD757004A92D8 /* ChapterProgressCalculator.swift in Sources */,
				F001 /* ReverieApp.swift in Sources */,
				F002 /* AppState.swift in Sources */,
				BB5EFFFE2F11C1E900A7A2E6 /* ChapterAnalyzer.swift in Sources */,
				F035 /* ReadingStats.swift in Sources */,
				F003 /* Book.swift in Sources */,
				BB5A89A02F71BD31006494B9 /* SupportedModels.swift in Sources */,
				BB1CB9B02F0CBD350032144E /* ExpandedProcessingCard.swift in Sources */,
				F004 /* Chapter.swift in Sources */,
				F005 /* Annotation.swift in Sources */,
				F006 /* Quiz.swift in Sources */,
				F007 /* GeneratedImage.swift in Sources */,
				F008 /* Database.swift in Sources */,
				F009 /* EPUBParser.swift in Sources */,
				BB5EFFFC2F11C05900A7A2E6 /* AutoScrollEngine.swift in Sources */,
				BBC04C5A2F1AFD47006D17FB /* BookProcessor.swift in Sources */,
				BB2F0ACF2F06DFDB001C1E4C /* SearchQueryBuilder.swift in Sources */,
				BBB3B70A2F1EBE4500791C96 /* RSVPView.swift in Sources */,
				F010 /* LLMService.swift in Sources */,
				F027 /* LLMStream.swift in Sources */,
				F028 /* LLMSchemas.swift in Sources */,
				F029 /* LLMProviders.swift in Sources */,
				F030 /* LLMPrompts.swift in Sources */,
				F011 /* ImageService.swift in Sources */,
				BBC04C5D2F1B021D006D17FB /* Formatters.swift in Sources */,
				BBC04C5E2F1B021D006D17FB /* ImageFormatDetector.swift in Sources */,
				F012 /* HomeView.swift in Sources */,
				F013 /* BookCard.swift in Sources */,
				BB3A2BE22F71EB0E004A9F3E /* ReaderSplitView.swift in Sources */,
				F014 /* ImportSheet.swift in Sources */,
				F036 /* ProcessBookView.swift in Sources */,
				BBB3B7082F1EBE3900791C96 /* RSVPFooterView.swift in Sources */,
				F033 /* BookProcessingStatus.swift in Sources */,
				BB06EE412F0EF7C400E925E2 /* AIProcessingToggle.swift in Sources */,
				F015 /* ReaderView.swift in Sources */,
				F016 /* BookContentView.swift in Sources */,
				BBF6ECBD2F118B9F00258A92 /* ProgressCalculatorCache.swift in Sources */,
				F017 /* AIPanel.swift in Sources */,
				F018 /* SettingsView.swift in Sources */,
				F019 /* Theme.swift in Sources */,
				BBC04C612F1B14A4006D17FB /* ResilientSession.swift in Sources */,
				BBB3B7062F1EBE2300791C96 /* RSVPEngine.swift in Sources */,
				F020 /* RosePine.swift in Sources */,
				BBBA135C2F146975008FC6ED /* ThemedControls.swift in Sources */,
				F022 /* Footnote.swift in Sources */,
				F023 /* ReadingSpeedTracker.swift in Sources */,
				BBF00008A2F75000000A0001 /* ProgressTracker.swift in Sources */,
				BBF00009A2F75000000B0001 /* ProcessingCostTracker.swift in Sources */,
				BB5E00002F11C1FB00A7A2E6 /* ReaderSession.swift in Sources */,
				F024 /* StatsView.swift in Sources */,
				F034 /* SelectableText.swift in Sources */,
				F025 /* ReaderMetrics.swift in Sources */,
				BB2270152F7410B800C0A295 /* AIPanelListOrder.swift in Sources */,
				BB2270132F7410B800C0A295 /* BookContentPipeline.swift in Sources */,
				F026 /* LibraryPaths.swift in Sources */,
				F031 /* ContentBlockParser.swift in Sources */,
				F032 /* CostEstimation.swift in Sources */,
			);
		};
		BB2270412F7410B800C0A295 /* Sources */ = {
			isa = PBXSourcesBuildPhase;
			files = (
				BB2270312F7410B800C0A295 /* AIPanelListOrderTests.swift in Sources */,
				BBD000012F75000000ABCDEF /* DatabaseServiceTests.swift in Sources */,
				BBD000022F75000000ABCDEF /* LLMServiceTests.swift in Sources */,
				BBD000032F75000000ABCDEF /* LLMPromptsTests.swift in Sources */,
				BBD000042F75000000ABCDEF /* ChapterAnalyzerTests.swift in Sources */,
				BBD000092F75000000ABCDEF /* BookProcessorCostAccountingTests.swift in Sources */,
				BB2270322F7410B800C0A295 /* BookContentPipelineTests.swift in Sources */,
				BB2270332F7410B800C0A295 /* RSVPEngineTests.swift in Sources */,
				BBF000012F75000000ABC001 /* ChatMessageMarkdownTests.swift in Sources */,
				BBF000032F75000000ABC003 /* SelectableTextMarkdownTests.swift in Sources */,
				BBF000052F75000000ABC004 /* ModelUpdateTests.swift in Sources */,
				BBF00008C2F75000000A0003 /* ProgressTrackerTests.swift in Sources */,
				BBF00009C2F75000000B0003 /* ProcessingCostTrackerTests.swift in Sources */,
			);
		};
/* End PBXSourcesBuildPhase section */

/* Begin PBXTargetDependency section */
		BB2270602F7410B800C0A295 /* PBXTargetDependency */ = {
			isa = PBXTargetDependency;
			target = TARGET /* Reverie */;
			targetProxy = BB2270612F7410B800C0A295 /* PBXContainerItemProxy */;
		};
/* End PBXTargetDependency section */

/* Begin XCBuildConfiguration section */
		CFG_DEBUG_PROJECT /* Debug configuration for PBXProject "Reverie" */ = {
			isa = XCBuildConfiguration;
			buildSettings = {
				ALWAYS_SEARCH_USER_PATHS = NO;
				CLANG_ENABLE_MODULES = YES;
				CLANG_ENABLE_OBJC_ARC = YES;
				CLANG_WARN_BLOCK_CAPTURE_AUTORELEASING = YES;
				CLANG_WARN_BOOL_CONVERSION = YES;
				CLANG_WARN_COMMA = YES;
				CLANG_WARN_CONSTANT_CONVERSION = YES;
				CLANG_WARN_DEPRECATED_OBJC_IMPLEMENTATIONS = YES;
				CLANG_WARN_EMPTY_BODY = YES;
				CLANG_WARN_ENUM_CONVERSION = YES;
				CLANG_WARN_INFINITE_RECURSION = YES;
				CLANG_WARN_INT_CONVERSION = YES;
				CLANG_WARN_NON_LITERAL_NULL_CONVERSION = YES;
				CLANG_WARN_OBJC_IMPLICIT_RETAIN_SELF = YES;
				CLANG_WARN_OBJC_LITERAL_CONVERSION = YES;
				CLANG_WARN_QUOTED_INCLUDE_IN_FRAMEWORK_HEADER = YES;
				CLANG_WARN_RANGE_LOOP_ANALYSIS = YES;
				CLANG_WARN_STRICT_PROTOTYPES = YES;
				CLANG_WARN_SUSPICIOUS_MOVE = YES;
				CLANG_WARN_UNREACHABLE_CODE = YES;
				CLANG_WARN__DUPLICATE_METHOD_MATCH = YES;
				COPY_PHASE_STRIP = NO;
				DEAD_CODE_STRIPPING = YES;
				DEBUG_INFORMATION_FORMAT = dwarf;
				ENABLE_STRICT_OBJC_MSGSEND = YES;
				ENABLE_TESTABILITY = YES;
				ENABLE_USER_SCRIPT_SANDBOXING = YES;
				GCC_DYNAMIC_NO_PIC = NO;
				GCC_NO_COMMON_BLOCKS = YES;
				GCC_OPTIMIZATION_LEVEL = 0;
				GCC_PREPROCESSOR_DEFINITIONS = (
					"DEBUG=1",
					"$(inherited)",
				);
				GCC_WARN_64_TO_32_BIT_CONVERSION = YES;
				GCC_WARN_ABOUT_RETURN_TYPE = YES;
				GCC_WARN_UNDECLARED_SELECTOR = YES;
				GCC_WARN_UNINITIALIZED_AUTOS = YES;
				GCC_WARN_UNUSED_FUNCTION = YES;
				GCC_WARN_UNUSED_VARIABLE = YES;
				INFOPLIST_KEY_LSApplicationCategoryType = "public.app-category.books";
				MACOSX_DEPLOYMENT_TARGET = 15.0;
				MTL_ENABLE_DEBUG_INFO = INCLUDE_SOURCE;
				ONLY_ACTIVE_ARCH = YES;
				SDKROOT = macosx;
				STRING_CATALOG_GENERATE_SYMBOLS = YES;
				SWIFT_ACTIVE_COMPILATION_CONDITIONS = DEBUG;
				SWIFT_OPTIMIZATION_LEVEL = "-Onone";
				SWIFT_VERSION = 6.0;
			};
			name = Debug;
		};
		CFG_DEBUG_TARGET /* Debug configuration for PBXNativeTarget "Reverie" */ = {
			isa = XCBuildConfiguration;
			buildSettings = {
				ASSETCATALOG_COMPILER_APPICON_NAME = AppIcon;
				CODE_SIGN_ENTITLEMENTS = "";
				CODE_SIGN_STYLE = Automatic;
				COMBINE_HIDPI_IMAGES = YES;
				CURRENT_PROJECT_VERSION = 1;
				DEAD_CODE_STRIPPING = YES;
				DEVELOPMENT_TEAM = "";
				ENABLE_HARDENED_RUNTIME = YES;
				GENERATE_INFOPLIST_FILE = YES;
				INFOPLIST_KEY_LSApplicationCategoryType = "public.app-category.books";
				INFOPLIST_KEY_NSHumanReadableCopyright = "";
				LD_RUNPATH_SEARCH_PATHS = (
					"$(inherited)",
					"@executable_path/../Frameworks",
				);
				MARKETING_VERSION = 0.2.0;
				PRODUCT_BUNDLE_IDENTIFIER = com.reverie.app;
				PRODUCT_NAME = "$(TARGET_NAME)";
				SWIFT_EMIT_LOC_STRINGS = YES;
				SWIFT_VERSION = 6.0;
			};
			name = Debug;
		};
		CFG_RELEASE_PROJECT /* Release configuration for PBXProject "Reverie" */ = {
			isa = XCBuildConfiguration;
			buildSettings = {
				ALWAYS_SEARCH_USER_PATHS = NO;
				CLANG_ENABLE_MODULES = YES;
				CLANG_ENABLE_OBJC_ARC = YES;
				CLANG_WARN_BLOCK_CAPTURE_AUTORELEASING = YES;
				CLANG_WARN_BOOL_CONVERSION = YES;
				CLANG_WARN_COMMA = YES;
				CLANG_WARN_CONSTANT_CONVERSION = YES;
				CLANG_WARN_DEPRECATED_OBJC_IMPLEMENTATIONS = YES;
				CLANG_WARN_EMPTY_BODY = YES;
				CLANG_WARN_ENUM_CONVERSION = YES;
				CLANG_WARN_INFINITE_RECURSION = YES;
				CLANG_WARN_INT_CONVERSION = YES;
				CLANG_WARN_NON_LITERAL_NULL_CONVERSION = YES;
				CLANG_WARN_OBJC_IMPLICIT_RETAIN_SELF = YES;
				CLANG_WARN_OBJC_LITERAL_CONVERSION = YES;
				CLANG_WARN_QUOTED_INCLUDE_IN_FRAMEWORK_HEADER = YES;
				CLANG_WARN_RANGE_LOOP_ANALYSIS = YES;
				CLANG_WARN_STRICT_PROTOTYPES = YES;
				CLANG_WARN_SUSPICIOUS_MOVE = YES;
				CLANG_WARN_UNREACHABLE_CODE = YES;
				CLANG_WARN__DUPLICATE_METHOD_MATCH = YES;
				COPY_PHASE_STRIP = NO;
				DEAD_CODE_STRIPPING = YES;
				DEBUG_INFORMATION_FORMAT = "dwarf-with-dsym";
				ENABLE_NS_ASSERTIONS = NO;
				ENABLE_STRICT_OBJC_MSGSEND = YES;
				ENABLE_USER_SCRIPT_SANDBOXING = YES;
				GCC_NO_COMMON_BLOCKS = YES;
				GCC_WARN_64_TO_32_BIT_CONVERSION = YES;
				GCC_WARN_ABOUT_RETURN_TYPE = YES;
				GCC_WARN_UNDECLARED_SELECTOR = YES;
				GCC_WARN_UNINITIALIZED_AUTOS = YES;
				GCC_WARN_UNUSED_FUNCTION = YES;
				GCC_WARN_UNUSED_VARIABLE = YES;
				INFOPLIST_KEY_LSApplicationCategoryType = "public.app-category.books";
				MACOSX_DEPLOYMENT_TARGET = 15.0;
				MTL_ENABLE_DEBUG_INFO = NO;
				SDKROOT = macosx;
				STRING_CATALOG_GENERATE_SYMBOLS = YES;
				SWIFT_COMPILATION_MODE = wholemodule;
				SWIFT_OPTIMIZATION_LEVEL = "-O";
				SWIFT_VERSION = 6.0;
			};
			name = Release;
		};
		CFG_RELEASE_TARGET /* Release configuration for PBXNativeTarget "Reverie" */ = {
			isa = XCBuildConfiguration;
			buildSettings = {
				ASSETCATALOG_COMPILER_APPICON_NAME = AppIcon;
				CODE_SIGN_ENTITLEMENTS = "";
				CODE_SIGN_STYLE = Automatic;
				COMBINE_HIDPI_IMAGES = YES;
				CURRENT_PROJECT_VERSION = 1;
				DEAD_CODE_STRIPPING = YES;
				DEVELOPMENT_TEAM = "";
				ENABLE_HARDENED_RUNTIME = YES;
				GENERATE_INFOPLIST_FILE = YES;
				INFOPLIST_KEY_LSApplicationCategoryType = "public.app-category.books";
				INFOPLIST_KEY_NSHumanReadableCopyright = "";
				LD_RUNPATH_SEARCH_PATHS = (
					"$(inherited)",
					"@executable_path/../Frameworks",
				);
				MARKETING_VERSION = 0.2.0;
				PRODUCT_BUNDLE_IDENTIFIER = com.reverie.app;
				PRODUCT_NAME = "$(TARGET_NAME)";
				SWIFT_EMIT_LOC_STRINGS = YES;
				SWIFT_VERSION = 6.0;
			};
			name = Release;
		};
		BB2270502F7410B800C0A295 /* Debug configuration for PBXNativeTarget "ReverieTests" */ = {
			isa = XCBuildConfiguration;
			buildSettings = {
				BUNDLE_LOADER = "$(TEST_HOST)";
				CODE_SIGN_STYLE = Automatic;
				DEVELOPMENT_TEAM = "";
				GENERATE_INFOPLIST_FILE = YES;
				LD_RUNPATH_SEARCH_PATHS = (
					"$(inherited)",
					"@executable_path/../Frameworks",
					"@loader_path/../Frameworks",
				);
				MACOSX_DEPLOYMENT_TARGET = 15.0;
				PRODUCT_BUNDLE_IDENTIFIER = com.reverie.appTests;
				PRODUCT_NAME = "$(TARGET_NAME)";
				SWIFT_VERSION = 6.0;
				TEST_HOST = "$(BUILT_PRODUCTS_DIR)/Reverie.app/Contents/MacOS/Reverie";
			};
			name = Debug;
		};
		BB2270512F7410B800C0A295 /* Release configuration for PBXNativeTarget "ReverieTests" */ = {
			isa = XCBuildConfiguration;
			buildSettings = {
				BUNDLE_LOADER = "$(TEST_HOST)";
				CODE_SIGN_STYLE = Automatic;
				DEVELOPMENT_TEAM = "";
				GENERATE_INFOPLIST_FILE = YES;
				LD_RUNPATH_SEARCH_PATHS = (
					"$(inherited)",
					"@executable_path/../Frameworks",
					"@loader_path/../Frameworks",
				);
				MACOSX_DEPLOYMENT_TARGET = 15.0;
				PRODUCT_BUNDLE_IDENTIFIER = com.reverie.appTests;
				PRODUCT_NAME = "$(TARGET_NAME)";
				SWIFT_VERSION = 6.0;
				TEST_HOST = "$(BUILT_PRODUCTS_DIR)/Reverie.app/Contents/MacOS/Reverie";
			};
			name = Release;
		};
/* End XCBuildConfiguration section */

/* Begin XCConfigurationList section */
		CFGLIST_PROJECT /* Build configuration list for PBXProject "Reverie" */ = {
			isa = XCConfigurationList;
			buildConfigurations = (
				CFG_DEBUG_PROJECT /* Debug configuration for PBXProject "Reverie" */,
				CFG_RELEASE_PROJECT /* Release configuration for PBXProject "Reverie" */,
			);
			defaultConfigurationName = Release;
		};
		CFGLIST_TARGET /* Build configuration list for PBXNativeTarget "Reverie" */ = {
			isa = XCConfigurationList;
			buildConfigurations = (
				CFG_DEBUG_TARGET /* Debug configuration for PBXNativeTarget "Reverie" */,
				CFG_RELEASE_TARGET /* Release configuration for PBXNativeTarget "Reverie" */,
			);
			defaultConfigurationName = Release;
		};
		BB2270522F7410B800C0A295 /* Build configuration list for PBXNativeTarget "ReverieTests" */ = {
			isa = XCConfigurationList;
			buildConfigurations = (
				BB2270502F7410B800C0A295 /* Debug configuration for PBXNativeTarget "ReverieTests" */,
				BB2270512F7410B800C0A295 /* Release configuration for PBXNativeTarget "ReverieTests" */,
			);
			defaultConfigurationName = Release;
		};
/* End XCConfigurationList section */

/* Begin XCRemoteSwiftPackageReference section */
		BB007F5B2F057A2000926C8E /* XCRemoteSwiftPackageReference "GRDB.swift" */ = {
			isa = XCRemoteSwiftPackageReference;
			repositoryURL = "https://github.com/groue/GRDB.swift.git";
			requirement = {
				branch = master;
				kind = branch;
			};
		};
/* End XCRemoteSwiftPackageReference section */

/* Begin XCSwiftPackageProductDependency section */
		BB007F5C2F057A2000926C8E /* GRDB */ = {
			isa = XCSwiftPackageProductDependency;
			package = BB007F5B2F057A2000926C8E /* XCRemoteSwiftPackageReference "GRDB.swift" */;
			productName = GRDB;
		};
/* End XCSwiftPackageProductDependency section */
	};
	rootObject = PROJECT /* Project object */;
}
