// !$*UTF8*$!
{
	archiveVersion = 1;
	classes = {
	};
	objectVersion = 90;
	objects = {

/* Begin PBXBuildFile section */
		BB007F5D2F057A2000926C8E /* GRDB in Frameworks */ = {isa = PBXBuildFile; productRef = BB007F5C2F057A2000926C8E /* GRDB */; };
		BB2F0ACF2F06DFDB001C1E4C /* SearchQueryBuilder.swift in Sources */ = {isa = PBXBuildFile; fileRef = BB2F0ACE2F06DFDB001C1E4C /* SearchQueryBuilder.swift */; };
		BB5F438E2F0AD757004A92D8 /* ChapterProgressCalculator.swift in Sources */ = {isa = PBXBuildFile; fileRef = BB5F438D2F0AD757004A92D8 /* ChapterProgressCalculator.swift */; };
		F001 /* ReaderApp.swift in Sources */ = {isa = PBXBuildFile; fileRef = S001 /* ReaderApp.swift */; };
		F002 /* AppState.swift in Sources */ = {isa = PBXBuildFile; fileRef = S002 /* AppState.swift */; };
		F003 /* Book.swift in Sources */ = {isa = PBXBuildFile; fileRef = S003 /* Book.swift */; };
		F004 /* Chapter.swift in Sources */ = {isa = PBXBuildFile; fileRef = S004 /* Chapter.swift */; };
		F005 /* Annotation.swift in Sources */ = {isa = PBXBuildFile; fileRef = S005 /* Annotation.swift */; };
		F006 /* Quiz.swift in Sources */ = {isa = PBXBuildFile; fileRef = S006 /* Quiz.swift */; };
		F007 /* GeneratedImage.swift in Sources */ = {isa = PBXBuildFile; fileRef = S007 /* GeneratedImage.swift */; };
		F008 /* Database.swift in Sources */ = {isa = PBXBuildFile; fileRef = S008 /* Database.swift */; };
		F009 /* EPUBParser.swift in Sources */ = {isa = PBXBuildFile; fileRef = S009 /* EPUBParser.swift */; };
		F010 /* LLMService.swift in Sources */ = {isa = PBXBuildFile; fileRef = S010 /* LLMService.swift */; };
		F011 /* ImageService.swift in Sources */ = {isa = PBXBuildFile; fileRef = S011 /* ImageService.swift */; };
		F012 /* HomeView.swift in Sources */ = {isa = PBXBuildFile; fileRef = S012 /* HomeView.swift */; };
		F013 /* BookCard.swift in Sources */ = {isa = PBXBuildFile; fileRef = S013 /* BookCard.swift */; };
		F014 /* ImportSheet.swift in Sources */ = {isa = PBXBuildFile; fileRef = S014 /* ImportSheet.swift */; };
		F015 /* ReaderView.swift in Sources */ = {isa = PBXBuildFile; fileRef = S015 /* ReaderView.swift */; };
		F016 /* BookContentView.swift in Sources */ = {isa = PBXBuildFile; fileRef = S016 /* BookContentView.swift */; };
		F017 /* AIPanel.swift in Sources */ = {isa = PBXBuildFile; fileRef = S017 /* AIPanel.swift */; };
		F018 /* SettingsView.swift in Sources */ = {isa = PBXBuildFile; fileRef = S018 /* SettingsView.swift */; };
		F019 /* Theme.swift in Sources */ = {isa = PBXBuildFile; fileRef = S019 /* Theme.swift */; };
		F020 /* RosePine.swift in Sources */ = {isa = PBXBuildFile; fileRef = S020 /* RosePine.swift */; };
		F022 /* Footnote.swift in Sources */ = {isa = PBXBuildFile; fileRef = S022 /* Footnote.swift */; };
		F023 /* ReadingSpeedTracker.swift in Sources */ = {isa = PBXBuildFile; fileRef = S023 /* ReadingSpeedTracker.swift */; };
		F024 /* StatsView.swift in Sources */ = {isa = PBXBuildFile; fileRef = S024 /* StatsView.swift */; };
		F025 /* ReaderMetrics.swift in Sources */ = {isa = PBXBuildFile; fileRef = S025 /* ReaderMetrics.swift */; };
		F026 /* LibraryPaths.swift in Sources */ = {isa = PBXBuildFile; fileRef = S026 /* LibraryPaths.swift */; };
		F027 /* LLMStream.swift in Sources */ = {isa = PBXBuildFile; fileRef = S027 /* LLMStream.swift */; };
		F028 /* LLMSchemas.swift in Sources */ = {isa = PBXBuildFile; fileRef = S028 /* LLMSchemas.swift */; };
		F029 /* LLMProviders.swift in Sources */ = {isa = PBXBuildFile; fileRef = S029 /* LLMProviders.swift */; };
		F030 /* LLMPrompts.swift in Sources */ = {isa = PBXBuildFile; fileRef = S030 /* LLMPrompts.swift */; };
		F031 /* ContentBlockParser.swift in Sources */ = {isa = PBXBuildFile; fileRef = S031 /* ContentBlockParser.swift */; };
		F032 /* CostEstimation.swift in Sources */ = {isa = PBXBuildFile; fileRef = S032 /* CostEstimation.swift */; };
		F033 /* BookProcessingStatus.swift in Sources */ = {isa = PBXBuildFile; fileRef = S033 /* BookProcessingStatus.swift */; };
		F034 /* SelectableText.swift in Sources */ = {isa = PBXBuildFile; fileRef = S034 /* SelectableText.swift */; };
		F035 /* ReadingStats.swift in Sources */ = {isa = PBXBuildFile; fileRef = S035 /* ReadingStats.swift */; };
		F036 /* ProcessBookView.swift in Sources */ = {isa = PBXBuildFile; fileRef = S036 /* ProcessBookView.swift */; };
		F037 /* ReaderBridge.js in Resources */ = {isa = PBXBuildFile; fileRef = S037 /* ReaderBridge.js */; };
/* End PBXBuildFile section */

/* Begin PBXFileReference section */
		BB2F0ACE2F06DFDB001C1E4C /* SearchQueryBuilder.swift */ = {isa = PBXFileReference; lastKnownFileType = sourcecode.swift; path = SearchQueryBuilder.swift; sourceTree = "<group>"; };
		BB5F438D2F0AD757004A92D8 /* ChapterProgressCalculator.swift */ = {isa = PBXFileReference; lastKnownFileType = sourcecode.swift; name = ChapterProgressCalculator.swift; path = Reader/Services/ChapterProgressCalculator.swift; sourceTree = "<group>"; };
		PROD /* Reader.app */ = {isa = PBXFileReference; explicitFileType = wrapper.application; includeInIndex = 0; path = Reader.app; sourceTree = BUILT_PRODUCTS_DIR; };
		S001 /* ReaderApp.swift */ = {isa = PBXFileReference; lastKnownFileType = sourcecode.swift; path = ReaderApp.swift; sourceTree = "<group>"; };
		S002 /* AppState.swift */ = {isa = PBXFileReference; lastKnownFileType = sourcecode.swift; path = AppState.swift; sourceTree = "<group>"; };
		S003 /* Book.swift */ = {isa = PBXFileReference; lastKnownFileType = sourcecode.swift; path = Book.swift; sourceTree = "<group>"; };
		S004 /* Chapter.swift */ = {isa = PBXFileReference; lastKnownFileType = sourcecode.swift; path = Chapter.swift; sourceTree = "<group>"; };
		S005 /* Annotation.swift */ = {isa = PBXFileReference; lastKnownFileType = sourcecode.swift; path = Annotation.swift; sourceTree = "<group>"; };
		S006 /* Quiz.swift */ = {isa = PBXFileReference; lastKnownFileType = sourcecode.swift; path = Quiz.swift; sourceTree = "<group>"; };
		S007 /* GeneratedImage.swift */ = {isa = PBXFileReference; lastKnownFileType = sourcecode.swift; path = GeneratedImage.swift; sourceTree = "<group>"; };
		S008 /* Database.swift */ = {isa = PBXFileReference; lastKnownFileType = sourcecode.swift; path = Database.swift; sourceTree = "<group>"; };
		S009 /* EPUBParser.swift */ = {isa = PBXFileReference; lastKnownFileType = sourcecode.swift; path = EPUBParser.swift; sourceTree = "<group>"; };
		S010 /* LLMService.swift */ = {isa = PBXFileReference; lastKnownFileType = sourcecode.swift; path = LLMService.swift; sourceTree = "<group>"; };
		S011 /* ImageService.swift */ = {isa = PBXFileReference; lastKnownFileType = sourcecode.swift; path = ImageService.swift; sourceTree = "<group>"; };
		S012 /* HomeView.swift */ = {isa = PBXFileReference; lastKnownFileType = sourcecode.swift; path = HomeView.swift; sourceTree = "<group>"; };
		S013 /* BookCard.swift */ = {isa = PBXFileReference; lastKnownFileType = sourcecode.swift; path = BookCard.swift; sourceTree = "<group>"; };
		S014 /* ImportSheet.swift */ = {isa = PBXFileReference; lastKnownFileType = sourcecode.swift; path = ImportSheet.swift; sourceTree = "<group>"; };
		S015 /* ReaderView.swift */ = {isa = PBXFileReference; lastKnownFileType = sourcecode.swift; path = ReaderView.swift; sourceTree = "<group>"; };
		S016 /* BookContentView.swift */ = {isa = PBXFileReference; lastKnownFileType = sourcecode.swift; path = BookContentView.swift; sourceTree = "<group>"; };
		S017 /* AIPanel.swift */ = {isa = PBXFileReference; lastKnownFileType = sourcecode.swift; path = AIPanel.swift; sourceTree = "<group>"; };
		S018 /* SettingsView.swift */ = {isa = PBXFileReference; lastKnownFileType = sourcecode.swift; path = SettingsView.swift; sourceTree = "<group>"; };
		S019 /* Theme.swift */ = {isa = PBXFileReference; lastKnownFileType = sourcecode.swift; path = Theme.swift; sourceTree = "<group>"; };
		S020 /* RosePine.swift */ = {isa = PBXFileReference; lastKnownFileType = sourcecode.swift; path = RosePine.swift; sourceTree = "<group>"; };
		S022 /* Footnote.swift */ = {isa = PBXFileReference; lastKnownFileType = sourcecode.swift; path = Footnote.swift; sourceTree = "<group>"; };
		S023 /* ReadingSpeedTracker.swift */ = {isa = PBXFileReference; lastKnownFileType = sourcecode.swift; path = ReadingSpeedTracker.swift; sourceTree = "<group>"; };
		S024 /* StatsView.swift */ = {isa = PBXFileReference; lastKnownFileType = sourcecode.swift; path = StatsView.swift; sourceTree = "<group>"; };
		S025 /* ReaderMetrics.swift */ = {isa = PBXFileReference; lastKnownFileType = sourcecode.swift; path = ReaderMetrics.swift; sourceTree = "<group>"; };
		S026 /* LibraryPaths.swift */ = {isa = PBXFileReference; lastKnownFileType = sourcecode.swift; path = LibraryPaths.swift; sourceTree = "<group>"; };
		S027 /* LLMStream.swift */ = {isa = PBXFileReference; lastKnownFileType = sourcecode.swift; path = LLMStream.swift; sourceTree = "<group>"; };
		S028 /* LLMSchemas.swift */ = {isa = PBXFileReference; lastKnownFileType = sourcecode.swift; path = LLMSchemas.swift; sourceTree = "<group>"; };
		S029 /* LLMProviders.swift */ = {isa = PBXFileReference; lastKnownFileType = sourcecode.swift; path = LLMProviders.swift; sourceTree = "<group>"; };
		S030 /* LLMPrompts.swift */ = {isa = PBXFileReference; lastKnownFileType = sourcecode.swift; path = LLMPrompts.swift; sourceTree = "<group>"; };
		S031 /* ContentBlockParser.swift */ = {isa = PBXFileReference; lastKnownFileType = sourcecode.swift; path = ContentBlockParser.swift; sourceTree = "<group>"; };
		S032 /* CostEstimation.swift */ = {isa = PBXFileReference; lastKnownFileType = sourcecode.swift; path = CostEstimation.swift; sourceTree = "<group>"; };
		S033 /* BookProcessingStatus.swift */ = {isa = PBXFileReference; lastKnownFileType = sourcecode.swift; path = BookProcessingStatus.swift; sourceTree = "<group>"; };
		S034 /* SelectableText.swift */ = {isa = PBXFileReference; lastKnownFileType = sourcecode.swift; path = SelectableText.swift; sourceTree = "<group>"; };
		S035 /* ReadingStats.swift */ = {isa = PBXFileReference; lastKnownFileType = sourcecode.swift; path = ReadingStats.swift; sourceTree = "<group>"; };
		S036 /* ProcessBookView.swift */ = {isa = PBXFileReference; lastKnownFileType = sourcecode.swift; path = ProcessBookView.swift; sourceTree = "<group>"; };
		S037 /* ReaderBridge.js */ = {isa = PBXFileReference; lastKnownFileType = sourcecode.javascript; path = ReaderBridge.js; sourceTree = "<group>"; };
/* End PBXFileReference section */

/* Begin PBXFrameworksBuildPhase section */
		FRMWK /* Frameworks */ = {
			isa = PBXFrameworksBuildPhase;
			files = (
				BB007F5D2F057A2000926C8E /* GRDB in Frameworks */,
			);
		};
/* End PBXFrameworksBuildPhase section */

/* Begin PBXGroup section */
		APP /* App */ = {
			isa = PBXGroup;
			children = (
				S001 /* ReaderApp.swift */,
				S002 /* AppState.swift */,
				S035 /* ReadingStats.swift */,
			);
			path = App;
			sourceTree = "<group>";
		};
		MODELS /* Models */ = {
			isa = PBXGroup;
			children = (
				S003 /* Book.swift */,
				S004 /* Chapter.swift */,
				S005 /* Annotation.swift */,
				S006 /* Quiz.swift */,
				S007 /* GeneratedImage.swift */,
				S022 /* Footnote.swift */,
			);
			path = Models;
			sourceTree = "<group>";
		};
		PRODUCTS /* Products */ = {
			isa = PBXGroup;
			children = (
				PROD /* Reader.app */,
			);
			name = Products;
			sourceTree = "<group>";
		};
		READER /* Reader */ = {
			isa = PBXGroup;
			children = (
				APP /* App */,
				MODELS /* Models */,
				SERVICES /* Services */,
				VIEWS /* Views */,
				THEME /* Theme */,
				RESOURCES /* Resources */,
			);
			path = Reader;
			sourceTree = "<group>";
		};
		RESOURCES /* Resources */ = {
			isa = PBXGroup;
			children = (
				S037 /* ReaderBridge.js */,
			);
			path = Resources;
			sourceTree = "<group>";
		};
		ROOT = {
			isa = PBXGroup;
			children = (
				READER /* Reader */,
				PRODUCTS /* Products */,
				BB5F438D2F0AD757004A92D8 /* ChapterProgressCalculator.swift */,
			);
			sourceTree = "<group>";
		};
		SERVICES /* Services */ = {
			isa = PBXGroup;
			children = (
				S008 /* Database.swift */,
				S009 /* EPUBParser.swift */,
				S010 /* LLMService.swift */,
				BB2F0ACE2F06DFDB001C1E4C /* SearchQueryBuilder.swift */,
				SERVICES_LLM /* LLM */,
				S011 /* ImageService.swift */,
				S026 /* LibraryPaths.swift */,
				S023 /* ReadingSpeedTracker.swift */,
				S031 /* ContentBlockParser.swift */,
				S032 /* CostEstimation.swift */,
			);
			path = Services;
			sourceTree = "<group>";
		};
		SERVICES_LLM /* LLM */ = {
			isa = PBXGroup;
			children = (
				S027 /* LLMStream.swift */,
				S028 /* LLMSchemas.swift */,
				S029 /* LLMProviders.swift */,
				S030 /* LLMPrompts.swift */,
			);
			path = LLM;
			sourceTree = "<group>";
		};
		THEME /* Theme */ = {
			isa = PBXGroup;
			children = (
				S019 /* Theme.swift */,
				S020 /* RosePine.swift */,
			);
			path = Theme;
			sourceTree = "<group>";
		};
		VIEWS /* Views */ = {
			isa = PBXGroup;
			children = (
				VIEWS_HOME /* Home */,
				VIEWS_READER /* Reader */,
				VIEWS_SETTINGS /* Settings */,
				VIEWS_SHARED /* Shared */,
				VIEWS_STATS /* Stats */,
			);
			path = Views;
			sourceTree = "<group>";
		};
		VIEWS_HOME /* Home */ = {
			isa = PBXGroup;
			children = (
				S012 /* HomeView.swift */,
				S013 /* BookCard.swift */,
				S014 /* ImportSheet.swift */,
				S036 /* ProcessBookView.swift */,
				S033 /* BookProcessingStatus.swift */,
			);
			path = Home;
			sourceTree = "<group>";
		};
		VIEWS_READER /* Reader */ = {
			isa = PBXGroup;
			children = (
				S015 /* ReaderView.swift */,
				S016 /* BookContentView.swift */,
				S017 /* AIPanel.swift */,
				S025 /* ReaderMetrics.swift */,
			);
			path = Reader;
			sourceTree = "<group>";
		};
		VIEWS_SETTINGS /* Settings */ = {
			isa = PBXGroup;
			children = (
				S018 /* SettingsView.swift */,
			);
			path = Settings;
			sourceTree = "<group>";
		};
		VIEWS_SHARED /* Shared */ = {
			isa = PBXGroup;
			children = (
				S034 /* SelectableText.swift */,
			);
			path = Shared;
			sourceTree = "<group>";
		};
		VIEWS_STATS /* Stats */ = {
			isa = PBXGroup;
			children = (
				S024 /* StatsView.swift */,
			);
			path = Stats;
			sourceTree = "<group>";
		};
/* End PBXGroup section */

/* Begin PBXNativeTarget section */
		TARGET /* Reader */ = {
			isa = PBXNativeTarget;
			buildConfigurationList = CFGLIST_TARGET /* Build configuration list for PBXNativeTarget "Reader" */;
			buildPhases = (
				SOURCES /* Sources */,
				FRMWK /* Frameworks */,
				RES001 /* Resources */,
			);
			buildRules = (
			);
			name = Reader;
			packageProductDependencies = (
				BB007F5C2F057A2000926C8E /* GRDB */,
			);
			productName = Reader;
			productReference = PROD /* Reader.app */;
			productType = "com.apple.product-type.application";
		};
/* End PBXNativeTarget section */

/* Begin PBXProject section */
		PROJECT /* Project object */ = {
			isa = PBXProject;
			attributes = {
				BuildIndependentTargetsInParallel = 1;
				LastSwiftUpdateCheck = 1500;
				LastUpgradeCheck = 2600;
			};
			buildConfigurationList = CFGLIST_PROJECT /* Build configuration list for PBXProject "Reader" */;
			developmentRegion = en;
			hasScannedForEncodings = 0;
			knownRegions = (
				en,
				Base,
			);
			mainGroup = ROOT;
			packageReferences = (
				BB007F5B2F057A2000926C8E /* XCRemoteSwiftPackageReference "GRDB.swift" */,
			);
			preferredProjectObjectVersion = 90;
			productRefGroup = PRODUCTS /* Products */;
			projectDirPath = "";
			projectRoot = "";
			targets = (
				TARGET /* Reader */,
			);
		};
/* End PBXProject section */

/* Begin PBXResourcesBuildPhase section */
		RES001 /* Resources */ = {
			isa = PBXResourcesBuildPhase;
			files = (
				F037 /* ReaderBridge.js in Resources */,
			);
		};
/* End PBXResourcesBuildPhase section */

/* Begin PBXSourcesBuildPhase section */
		SOURCES /* Sources */ = {
			isa = PBXSourcesBuildPhase;
			files = (
				BB5F438E2F0AD757004A92D8 /* ChapterProgressCalculator.swift in Sources */,
				F001 /* ReaderApp.swift in Sources */,
				F002 /* AppState.swift in Sources */,
				F035 /* ReadingStats.swift in Sources */,
				F003 /* Book.swift in Sources */,
				F004 /* Chapter.swift in Sources */,
				F005 /* Annotation.swift in Sources */,
				F006 /* Quiz.swift in Sources */,
				F007 /* GeneratedImage.swift in Sources */,
				F008 /* Database.swift in Sources */,
				F009 /* EPUBParser.swift in Sources */,
				BB2F0ACF2F06DFDB001C1E4C /* SearchQueryBuilder.swift in Sources */,
				F010 /* LLMService.swift in Sources */,
				F027 /* LLMStream.swift in Sources */,
				F028 /* LLMSchemas.swift in Sources */,
				F029 /* LLMProviders.swift in Sources */,
				F030 /* LLMPrompts.swift in Sources */,
				F011 /* ImageService.swift in Sources */,
				F012 /* HomeView.swift in Sources */,
				F013 /* BookCard.swift in Sources */,
				F014 /* ImportSheet.swift in Sources */,
				F036 /* ProcessBookView.swift in Sources */,
				F033 /* BookProcessingStatus.swift in Sources */,
				F015 /* ReaderView.swift in Sources */,
				F016 /* BookContentView.swift in Sources */,
				F017 /* AIPanel.swift in Sources */,
				F018 /* SettingsView.swift in Sources */,
				F019 /* Theme.swift in Sources */,
				F020 /* RosePine.swift in Sources */,
				F022 /* Footnote.swift in Sources */,
				F023 /* ReadingSpeedTracker.swift in Sources */,
				F024 /* StatsView.swift in Sources */,
				F034 /* SelectableText.swift in Sources */,
				F025 /* ReaderMetrics.swift in Sources */,
				F026 /* LibraryPaths.swift in Sources */,
				F031 /* ContentBlockParser.swift in Sources */,
				F032 /* CostEstimation.swift in Sources */,
			);
		};
/* End PBXSourcesBuildPhase section */

/* Begin XCBuildConfiguration section */
		CFG_DEBUG_PROJECT /* Debug configuration for PBXProject "Reader" */ = {
			isa = XCBuildConfiguration;
			buildSettings = {
				ALWAYS_SEARCH_USER_PATHS = NO;
				CLANG_ENABLE_MODULES = YES;
				CLANG_ENABLE_OBJC_ARC = YES;
				CLANG_WARN_BLOCK_CAPTURE_AUTORELEASING = YES;
				CLANG_WARN_BOOL_CONVERSION = YES;
				CLANG_WARN_COMMA = YES;
				CLANG_WARN_CONSTANT_CONVERSION = YES;
				CLANG_WARN_DEPRECATED_OBJC_IMPLEMENTATIONS = YES;
				CLANG_WARN_EMPTY_BODY = YES;
				CLANG_WARN_ENUM_CONVERSION = YES;
				CLANG_WARN_INFINITE_RECURSION = YES;
				CLANG_WARN_INT_CONVERSION = YES;
				CLANG_WARN_NON_LITERAL_NULL_CONVERSION = YES;
				CLANG_WARN_OBJC_IMPLICIT_RETAIN_SELF = YES;
				CLANG_WARN_OBJC_LITERAL_CONVERSION = YES;
				CLANG_WARN_QUOTED_INCLUDE_IN_FRAMEWORK_HEADER = YES;
				CLANG_WARN_RANGE_LOOP_ANALYSIS = YES;
				CLANG_WARN_STRICT_PROTOTYPES = YES;
				CLANG_WARN_SUSPICIOUS_MOVE = YES;
				CLANG_WARN_UNREACHABLE_CODE = YES;
				CLANG_WARN__DUPLICATE_METHOD_MATCH = YES;
				COPY_PHASE_STRIP = NO;
				DEAD_CODE_STRIPPING = YES;
				DEBUG_INFORMATION_FORMAT = dwarf;
				ENABLE_STRICT_OBJC_MSGSEND = YES;
				ENABLE_TESTABILITY = YES;
				ENABLE_USER_SCRIPT_SANDBOXING = YES;
				GCC_DYNAMIC_NO_PIC = NO;
				GCC_NO_COMMON_BLOCKS = YES;
				GCC_OPTIMIZATION_LEVEL = 0;
				GCC_PREPROCESSOR_DEFINITIONS = (
					"DEBUG=1",
					"$(inherited)",
				);
				GCC_WARN_64_TO_32_BIT_CONVERSION = YES;
				GCC_WARN_ABOUT_RETURN_TYPE = YES;
				GCC_WARN_UNDECLARED_SELECTOR = YES;
				GCC_WARN_UNINITIALIZED_AUTOS = YES;
				GCC_WARN_UNUSED_FUNCTION = YES;
				GCC_WARN_UNUSED_VARIABLE = YES;
				MACOSX_DEPLOYMENT_TARGET = 15.0;
				MTL_ENABLE_DEBUG_INFO = INCLUDE_SOURCE;
				ONLY_ACTIVE_ARCH = YES;
				SDKROOT = macosx;
				STRING_CATALOG_GENERATE_SYMBOLS = YES;
				SWIFT_ACTIVE_COMPILATION_CONDITIONS = DEBUG;
				SWIFT_OPTIMIZATION_LEVEL = "-Onone";
				SWIFT_VERSION = 6.0;
			};
			name = Debug;
		};
		CFG_DEBUG_TARGET /* Debug configuration for PBXNativeTarget "Reader" */ = {
			isa = XCBuildConfiguration;
			buildSettings = {
				ASSETCATALOG_COMPILER_APPICON_NAME = AppIcon;
				CODE_SIGN_ENTITLEMENTS = "";
				CODE_SIGN_STYLE = Automatic;
				COMBINE_HIDPI_IMAGES = YES;
				CURRENT_PROJECT_VERSION = 1;
				DEAD_CODE_STRIPPING = YES;
				DEVELOPMENT_TEAM = "";
				ENABLE_HARDENED_RUNTIME = YES;
				GENERATE_INFOPLIST_FILE = YES;
				INFOPLIST_KEY_LSApplicationCategoryType = "public.app-category.books";
				INFOPLIST_KEY_NSHumanReadableCopyright = "";
				LD_RUNPATH_SEARCH_PATHS = (
					"$(inherited)",
					"@executable_path/../Frameworks",
				);
				MARKETING_VERSION = 1.0;
				PRODUCT_BUNDLE_IDENTIFIER = com.reader.app;
				PRODUCT_NAME = "$(TARGET_NAME)";
				SWIFT_EMIT_LOC_STRINGS = YES;
				SWIFT_VERSION = 6.0;
			};
			name = Debug;
		};
		CFG_RELEASE_PROJECT /* Release configuration for PBXProject "Reader" */ = {
			isa = XCBuildConfiguration;
			buildSettings = {
				ALWAYS_SEARCH_USER_PATHS = NO;
				CLANG_ENABLE_MODULES = YES;
				CLANG_ENABLE_OBJC_ARC = YES;
				CLANG_WARN_BLOCK_CAPTURE_AUTORELEASING = YES;
				CLANG_WARN_BOOL_CONVERSION = YES;
				CLANG_WARN_COMMA = YES;
				CLANG_WARN_CONSTANT_CONVERSION = YES;
				CLANG_WARN_DEPRECATED_OBJC_IMPLEMENTATIONS = YES;
				CLANG_WARN_EMPTY_BODY = YES;
				CLANG_WARN_ENUM_CONVERSION = YES;
				CLANG_WARN_INFINITE_RECURSION = YES;
				CLANG_WARN_INT_CONVERSION = YES;
				CLANG_WARN_NON_LITERAL_NULL_CONVERSION = YES;
				CLANG_WARN_OBJC_IMPLICIT_RETAIN_SELF = YES;
				CLANG_WARN_OBJC_LITERAL_CONVERSION = YES;
				CLANG_WARN_QUOTED_INCLUDE_IN_FRAMEWORK_HEADER = YES;
				CLANG_WARN_RANGE_LOOP_ANALYSIS = YES;
				CLANG_WARN_STRICT_PROTOTYPES = YES;
				CLANG_WARN_SUSPICIOUS_MOVE = YES;
				CLANG_WARN_UNREACHABLE_CODE = YES;
				CLANG_WARN__DUPLICATE_METHOD_MATCH = YES;
				COPY_PHASE_STRIP = NO;
				DEAD_CODE_STRIPPING = YES;
				DEBUG_INFORMATION_FORMAT = "dwarf-with-dsym";
				ENABLE_NS_ASSERTIONS = NO;
				ENABLE_STRICT_OBJC_MSGSEND = YES;
				ENABLE_USER_SCRIPT_SANDBOXING = YES;
				GCC_NO_COMMON_BLOCKS = YES;
				GCC_WARN_64_TO_32_BIT_CONVERSION = YES;
				GCC_WARN_ABOUT_RETURN_TYPE = YES;
				GCC_WARN_UNDECLARED_SELECTOR = YES;
				GCC_WARN_UNINITIALIZED_AUTOS = YES;
				GCC_WARN_UNUSED_FUNCTION = YES;
				GCC_WARN_UNUSED_VARIABLE = YES;
				MACOSX_DEPLOYMENT_TARGET = 15.0;
				MTL_ENABLE_DEBUG_INFO = NO;
				SDKROOT = macosx;
				STRING_CATALOG_GENERATE_SYMBOLS = YES;
				SWIFT_COMPILATION_MODE = wholemodule;
				SWIFT_OPTIMIZATION_LEVEL = "-O";
				SWIFT_VERSION = 6.0;
			};
			name = Release;
		};
		CFG_RELEASE_TARGET /* Release configuration for PBXNativeTarget "Reader" */ = {
			isa = XCBuildConfiguration;
			buildSettings = {
				ASSETCATALOG_COMPILER_APPICON_NAME = AppIcon;
				CODE_SIGN_ENTITLEMENTS = "";
				CODE_SIGN_STYLE = Automatic;
				COMBINE_HIDPI_IMAGES = YES;
				CURRENT_PROJECT_VERSION = 1;
				DEAD_CODE_STRIPPING = YES;
				DEVELOPMENT_TEAM = "";
				ENABLE_HARDENED_RUNTIME = YES;
				GENERATE_INFOPLIST_FILE = YES;
				INFOPLIST_KEY_LSApplicationCategoryType = "public.app-category.books";
				INFOPLIST_KEY_NSHumanReadableCopyright = "";
				LD_RUNPATH_SEARCH_PATHS = (
					"$(inherited)",
					"@executable_path/../Frameworks",
				);
				MARKETING_VERSION = 1.0;
				PRODUCT_BUNDLE_IDENTIFIER = com.reader.app;
				PRODUCT_NAME = "$(TARGET_NAME)";
				SWIFT_EMIT_LOC_STRINGS = YES;
				SWIFT_VERSION = 6.0;
			};
			name = Release;
		};
/* End XCBuildConfiguration section */

/* Begin XCConfigurationList section */
		CFGLIST_PROJECT /* Build configuration list for PBXProject "Reader" */ = {
			isa = XCConfigurationList;
			buildConfigurations = (
				CFG_DEBUG_PROJECT /* Debug configuration for PBXProject "Reader" */,
				CFG_RELEASE_PROJECT /* Release configuration for PBXProject "Reader" */,
			);
			defaultConfigurationName = Release;
		};
		CFGLIST_TARGET /* Build configuration list for PBXNativeTarget "Reader" */ = {
			isa = XCConfigurationList;
			buildConfigurations = (
				CFG_DEBUG_TARGET /* Debug configuration for PBXNativeTarget "Reader" */,
				CFG_RELEASE_TARGET /* Release configuration for PBXNativeTarget "Reader" */,
			);
			defaultConfigurationName = Release;
		};
/* End XCConfigurationList section */

/* Begin XCRemoteSwiftPackageReference section */
		BB007F5B2F057A2000926C8E /* XCRemoteSwiftPackageReference "GRDB.swift" */ = {
			isa = XCRemoteSwiftPackageReference;
			repositoryURL = "https://github.com/groue/GRDB.swift.git";
			requirement = {
				branch = master;
				kind = branch;
			};
		};
/* End XCRemoteSwiftPackageReference section */

/* Begin XCSwiftPackageProductDependency section */
		BB007F5C2F057A2000926C8E /* GRDB */ = {
			isa = XCSwiftPackageProductDependency;
			package = BB007F5B2F057A2000926C8E /* XCRemoteSwiftPackageReference "GRDB.swift" */;
			productName = GRDB;
		};
/* End XCSwiftPackageProductDependency section */
	};
	rootObject = PROJECT /* Project object */;
}
